
Microsoft Visual Studio Solution File, Format Version 12.00
# Visual Studio Version 17
VisualStudioVersion = 17.0.31903.59
MinimumVisualStudioVersion = 10.0.40219.1
Project("{2150E333-8FDC-42A3-9474-1A3956D46DE8}") = "Services", "Services", "{CEB41F22-54AE-46E3-B7BA-93290116BDCE}"
EndProject
Project("{2150E333-8FDC-42A3-9474-1A3956D46DE8}") = "Catalog", "Catalog", "{3387722B-0009-4713-9D01-13BC0D72EEC7}"
EndProject
Project("{FAE04EC0-301F-11D3-BF4B-00C04F79EFBC}") = "Catalog.API", "Services\Catalog\Catalog.API\Catalog.API.csproj", "{18AD26A3-5945-4C93-872B-D380105D5370}"
EndProject
Project("{2150E333-8FDC-42A3-9474-1A3956D46DE8}") = "BuildingBlocks", "BuildingBlocks", "{344575C9-409A-4062-8796-AAF8FC04B3D6}"
EndProject
Project("{FAE04EC0-301F-11D3-BF4B-00C04F79EFBC}") = "BuildingBlocks", "BuildingBlocks\BuildingBlocks\BuildingBlocks.csproj", "{B92FF07E-66F5-450B-B05E-EBE21A6C78A0}"
EndProject
Project("{2150E333-8FDC-42A3-9474-1A3956D46DE8}") = "Basket", "Basket", "{1789AC7B-B882-4516-838D-99091EC53C2E}"
EndProject
Project("{FAE04EC0-301F-11D3-BF4B-00C04F79EFBC}") = "Basket.API", "Services\Basket\Basket.API\Basket.API.csproj", "{88730BEF-F3D0-426B-BF41-25E0739F037A}"
EndProject
Project("{2150E333-8FDC-42A3-9474-1A3956D46DE8}") = "Discount", "Discount", "{1E1752BB-59EA-4F23-814B-CD0818A20176}"
EndProject
Project("{FAE04EC0-301F-11D3-BF4B-00C04F79EFBC}") = "Discount.Grpc", "Services\Discount\Discount.Grpc\Discount.Grpc.csproj", "{815FB2D3-8B7F-48B7-BC77-8F8AF77C4E6B}"
EndProject
Project("{2150E333-8FDC-42A3-9474-1A3956D46DE8}") = "Ordering", "Ordering", "{00CE89CB-DA52-40C2-8F62-CBE84E3752B1}"
EndProject
Project("{FAE04EC0-301F-11D3-BF4B-00C04F79EFBC}") = "Ordering.API", "Services\Ordering\Ordering.API\Ordering.API.csproj", "{E2BB40E0-7475-4AFF-9BB8-204F00298727}"
EndProject
Project("{FAE04EC0-301F-11D3-BF4B-00C04F79EFBC}") = "Ordering.Application", "Services\Ordering\Ordering.Application\Ordering.Application.csproj", "{C00F69F0-8EF2-48FC-942D-75D7C6A644A1}"
EndProject
Project("{FAE04EC0-301F-11D3-BF4B-00C04F79EFBC}") = "Ordering.Domain", "Services\Ordering\Ordering.Domain\Ordering.Domain.csproj", "{B8D9711C-33A4-4BC5-A435-5A1430683983}"
EndProject
Project("{FAE04EC0-301F-11D3-BF4B-00C04F79EFBC}") = "Ordering.Infrastructure", "Services\Ordering\Ordering.Infrastructure\Ordering.Infrastructure.csproj", "{828B4098-2FD7-49CD-9D7C-C2B7AD2A79E7}"
EndProject
Global
	GlobalSection(SolutionConfigurationPlatforms) = preSolution
		Debug|Any CPU = Debug|Any CPU
		Release|Any CPU = Release|Any CPU
	EndGlobalSection
	GlobalSection(SolutionProperties) = preSolution
		HideSolutionNode = FALSE
	EndGlobalSection
	GlobalSection(ProjectConfigurationPlatforms) = postSolution
		{18AD26A3-5945-4C93-872B-D380105D5370}.Debug|Any CPU.ActiveCfg = Debug|Any CPU
		{18AD26A3-5945-4C93-872B-D380105D5370}.Debug|Any CPU.Build.0 = Debug|Any CPU
		{18AD26A3-5945-4C93-872B-D380105D5370}.Release|Any CPU.ActiveCfg = Release|Any CPU
		{18AD26A3-5945-4C93-872B-D380105D5370}.Release|Any CPU.Build.0 = Release|Any CPU
		{B92FF07E-66F5-450B-B05E-EBE21A6C78A0}.Debug|Any CPU.ActiveCfg = Debug|Any CPU
		{B92FF07E-66F5-450B-B05E-EBE21A6C78A0}.Debug|Any CPU.Build.0 = Debug|Any CPU
		{B92FF07E-66F5-450B-B05E-EBE21A6C78A0}.Release|Any CPU.ActiveCfg = Release|Any CPU
		{B92FF07E-66F5-450B-B05E-EBE21A6C78A0}.Release|Any CPU.Build.0 = Release|Any CPU
		{88730BEF-F3D0-426B-BF41-25E0739F037A}.Debug|Any CPU.ActiveCfg = Debug|Any CPU
		{88730BEF-F3D0-426B-BF41-25E0739F037A}.Debug|Any CPU.Build.0 = Debug|Any CPU
		{88730BEF-F3D0-426B-BF41-25E0739F037A}.Release|Any CPU.ActiveCfg = Release|Any CPU
		{88730BEF-F3D0-426B-BF41-25E0739F037A}.Release|Any CPU.Build.0 = Release|Any CPU
		{815FB2D3-8B7F-48B7-BC77-8F8AF77C4E6B}.Debug|Any CPU.ActiveCfg = Debug|Any CPU
		{815FB2D3-8B7F-48B7-BC77-8F8AF77C4E6B}.Debug|Any CPU.Build.0 = Debug|Any CPU
		{815FB2D3-8B7F-48B7-BC77-8F8AF77C4E6B}.Release|Any CPU.ActiveCfg = Release|Any CPU
		{815FB2D3-8B7F-48B7-BC77-8F8AF77C4E6B}.Release|Any CPU.Build.0 = Release|Any CPU
		{E2BB40E0-7475-4AFF-9BB8-204F00298727}.Debug|Any CPU.ActiveCfg = Debug|Any CPU
		{E2BB40E0-7475-4AFF-9BB8-204F00298727}.Debug|Any CPU.Build.0 = Debug|Any CPU
		{E2BB40E0-7475-4AFF-9BB8-204F00298727}.Release|Any CPU.ActiveCfg = Release|Any CPU
		{E2BB40E0-7475-4AFF-9BB8-204F00298727}.Release|Any CPU.Build.0 = Release|Any CPU
		{C00F69F0-8EF2-48FC-942D-75D7C6A644A1}.Debug|Any CPU.ActiveCfg = Debug|Any CPU
		{C00F69F0-8EF2-48FC-942D-75D7C6A644A1}.Debug|Any CPU.Build.0 = Debug|Any CPU
		{C00F69F0-8EF2-48FC-942D-75D7C6A644A1}.Release|Any CPU.ActiveCfg = Release|Any CPU
		{C00F69F0-8EF2-48FC-942D-75D7C6A644A1}.Release|Any CPU.Build.0 = Release|Any CPU
		{B8D9711C-33A4-4BC5-A435-5A1430683983}.Debug|Any CPU.ActiveCfg = Debug|Any CPU
		{B8D9711C-33A4-4BC5-A435-5A1430683983}.Debug|Any CPU.Build.0 = Debug|Any CPU
		{B8D9711C-33A4-4BC5-A435-5A1430683983}.Release|Any CPU.ActiveCfg = Release|Any CPU
		{B8D9711C-33A4-4BC5-A435-5A1430683983}.Release|Any CPU.Build.0 = Release|Any CPU
		{828B4098-2FD7-49CD-9D7C-C2B7AD2A79E7}.Debug|Any CPU.ActiveCfg = Debug|Any CPU
		{828B4098-2FD7-49CD-9D7C-C2B7AD2A79E7}.Debug|Any CPU.Build.0 = Debug|Any CPU
		{828B4098-2FD7-49CD-9D7C-C2B7AD2A79E7}.Release|Any CPU.ActiveCfg = Release|Any CPU
		{828B4098-2FD7-49CD-9D7C-C2B7AD2A79E7}.Release|Any CPU.Build.0 = Release|Any CPU
	EndGlobalSection
	GlobalSection(NestedProjects) = preSolution
		{3387722B-0009-4713-9D01-13BC0D72EEC7} = {CEB41F22-54AE-46E3-B7BA-93290116BDCE}
		{18AD26A3-5945-4C93-872B-D380105D5370} = {3387722B-0009-4713-9D01-13BC0D72EEC7}
		{B92FF07E-66F5-450B-B05E-EBE21A6C78A0} = {344575C9-409A-4062-8796-AAF8FC04B3D6}
		{1789AC7B-B882-4516-838D-99091EC53C2E} = {CEB41F22-54AE-46E3-B7BA-93290116BDCE}
		{88730BEF-F3D0-426B-BF41-25E0739F037A} = {1789AC7B-B882-4516-838D-99091EC53C2E}
		{1E1752BB-59EA-4F23-814B-CD0818A20176} = {CEB41F22-54AE-46E3-B7BA-93290116BDCE}
		{815FB2D3-8B7F-48B7-BC77-8F8AF77C4E6B} = {1E1752BB-59EA-4F23-814B-CD0818A20176}
		{00CE89CB-DA52-40C2-8F62-CBE84E3752B1} = {CEB41F22-54AE-46E3-B7BA-93290116BDCE}
		{E2BB40E0-7475-4AFF-9BB8-204F00298727} = {00CE89CB-DA52-40C2-8F62-CBE84E3752B1}
		{C00F69F0-8EF2-48FC-942D-75D7C6A644A1} = {00CE89CB-DA52-40C2-8F62-CBE84E3752B1}
		{B8D9711C-33A4-4BC5-A435-5A1430683983} = {00CE89CB-DA52-40C2-8F62-CBE84E3752B1}
		{828B4098-2FD7-49CD-9D7C-C2B7AD2A79E7} = {00CE89CB-DA52-40C2-8F62-CBE84E3752B1}
	EndGlobalSection
EndGlobal
